// !$*UTF8*$!
{
	archiveVersion = 1;
	classes = {
	};
	objectVersion = 46;
	objects = {

/* Begin PBXBuildFile section */
		E643DEB11A35FFCA002EFE58 /* main.cpp in Sources */ = {isa = PBXBuildFile; fileRef = E643DEB01A35FFCA002EFE58 /* main.cpp */; };
		E643DEB91A35FFF7002EFE58 /* GLUT.framework in Frameworks */ = {isa = PBXBuildFile; fileRef = E643DEB71A35FFF7002EFE58 /* GLUT.framework */; };
		E643DEBA1A35FFF7002EFE58 /* OpenGL.framework in Frameworks */ = {isa = PBXBuildFile; fileRef = E643DEB81A35FFF7002EFE58 /* OpenGL.framework */; };
		E643DEBC1A360000002EFE58 /* libIL.dylib in Frameworks */ = {isa = PBXBuildFile; fileRef = E643DEBB1A360000002EFE58 /* libIL.dylib */; };
		E643DEBE1A360003002EFE58 /* libILU.dylib in Frameworks */ = {isa = PBXBuildFile; fileRef = E643DEBD1A360003002EFE58 /* libILU.dylib */; };
		E643DEC01A360008002EFE58 /* libILUT.dylib in Frameworks */ = {isa = PBXBuildFile; fileRef = E643DEBF1A360008002EFE58 /* libILUT.dylib */; };
		E643DEC21A360041002EFE58 /* libGLEW.1.11.dylib in Frameworks */ = {isa = PBXBuildFile; fileRef = E643DEC11A360041002EFE58 /* libGLEW.1.11.dylib */; };
		E643DEC41A360048002EFE58 /* libassimp.dylib in Frameworks */ = {isa = PBXBuildFile; fileRef = E643DEC31A360048002EFE58 /* libassimp.dylib */; };
		E6A398AF1A367326004FF749 /* libglfw3.3.dylib in Frameworks */ = {isa = PBXBuildFile; fileRef = E6A398AE1A367326004FF749 /* libglfw3.3.dylib */; };
		E6A398B21A3678DA004FF749 /* Camera.cpp in Sources */ = {isa = PBXBuildFile; fileRef = E6A398B01A3678DA004FF749 /* Camera.cpp */; };
/* End PBXBuildFile section */

/* Begin PBXCopyFilesBuildPhase section */
		E643DEAB1A35FFCA002EFE58 /* CopyFiles */ = {
			isa = PBXCopyFilesBuildPhase;
			buildActionMask = 2147483647;
			dstPath = /usr/share/man/man1/;
			dstSubfolderSpec = 0;
			files = (
			);
			runOnlyForDeploymentPostprocessing = 1;
		};
/* End PBXCopyFilesBuildPhase section */

/* Begin PBXFileReference section */
		E643DEAD1A35FFCA002EFE58 /* AdvancedCGTermProject */ = {isa = PBXFileReference; explicitFileType = "compiled.mach-o.executable"; includeInIndex = 0; path = AdvancedCGTermProject; sourceTree = BUILT_PRODUCTS_DIR; };
		E643DEB01A35FFCA002EFE58 /* main.cpp */ = {isa = PBXFileReference; lastKnownFileType = sourcecode.cpp.cpp; path = main.cpp; sourceTree = "<group>"; };
		E643DEB71A35FFF7002EFE58 /* GLUT.framework */ = {isa = PBXFileReference; lastKnownFileType = wrapper.framework; name = GLUT.framework; path = System/Library/Frameworks/GLUT.framework; sourceTree = SDKROOT; };
		E643DEB81A35FFF7002EFE58 /* OpenGL.framework */ = {isa = PBXFileReference; lastKnownFileType = wrapper.framework; name = OpenGL.framework; path = System/Library/Frameworks/OpenGL.framework; sourceTree = SDKROOT; };
		E643DEBB1A360000002EFE58 /* libIL.dylib */ = {isa = PBXFileReference; lastKnownFileType = "compiled.mach-o.dylib"; name = libIL.dylib; path = ../../../../../usr/local/Cellar/devil/1.7.8_1/lib/libIL.dylib; sourceTree = "<group>"; };
		E643DEBD1A360003002EFE58 /* libILU.dylib */ = {isa = PBXFileReference; lastKnownFileType = "compiled.mach-o.dylib"; name = libILU.dylib; path = ../../../../../usr/local/Cellar/devil/1.7.8_1/lib/libILU.dylib; sourceTree = "<group>"; };
		E643DEBF1A360008002EFE58 /* libILUT.dylib */ = {isa = PBXFileReference; lastKnownFileType = "compiled.mach-o.dylib"; name = libILUT.dylib; path = ../../../../../usr/local/Cellar/devil/1.7.8_1/lib/libILUT.dylib; sourceTree = "<group>"; };
		E643DEC11A360041002EFE58 /* libGLEW.1.11.dylib */ = {isa = PBXFileReference; lastKnownFileType = "compiled.mach-o.dylib"; name = libGLEW.1.11.dylib; path = ../../../../../usr/local/Cellar/glew/1.11.0/lib/libGLEW.1.11.dylib; sourceTree = "<group>"; };
		E643DEC31A360048002EFE58 /* libassimp.dylib */ = {isa = PBXFileReference; lastKnownFileType = "compiled.mach-o.dylib"; name = libassimp.dylib; path = ../../../../../usr/local/Cellar/assimp/3.1.1/lib/libassimp.dylib; sourceTree = "<group>"; };
		E6A398AE1A367326004FF749 /* libglfw3.3.dylib */ = {isa = PBXFileReference; lastKnownFileType = "compiled.mach-o.dylib"; name = libglfw3.3.dylib; path = ../../../../../usr/local/Cellar/glfw3/3.0.4/lib/libglfw3.3.dylib; sourceTree = "<group>"; };
		E6A398B01A3678DA004FF749 /* Camera.cpp */ = {isa = PBXFileReference; fileEncoding = 4; lastKnownFileType = sourcecode.cpp.cpp; path = Camera.cpp; sourceTree = "<group>"; };
		E6A398B11A3678DA004FF749 /* Camera.h */ = {isa = PBXFileReference; fileEncoding = 4; lastKnownFileType = sourcecode.c.h; path = Camera.h; sourceTree = "<group>"; };
/* End PBXFileReference section */

/* Begin PBXFrameworksBuildPhase section */
		E643DEAA1A35FFCA002EFE58 /* Frameworks */ = {
			isa = PBXFrameworksBuildPhase;
			buildActionMask = 2147483647;
			files = (
				E643DEB91A35FFF7002EFE58 /* GLUT.framework in Frameworks */,
				E643DEBA1A35FFF7002EFE58 /* OpenGL.framework in Frameworks */,
				E643DEBC1A360000002EFE58 /* libIL.dylib in Frameworks */,
				E643DEBE1A360003002EFE58 /* libILU.dylib in Frameworks */,
				E643DEC01A360008002EFE58 /* libILUT.dylib in Frameworks */,
				E643DEC21A360041002EFE58 /* libGLEW.1.11.dylib in Frameworks */,
				E643DEC41A360048002EFE58 /* libassimp.dylib in Frameworks */,
				E6A398AF1A367326004FF749 /* libglfw3.3.dylib in Frameworks */,
			);
			runOnlyForDeploymentPostprocessing = 0;
		};
/* End PBXFrameworksBuildPhase section */

/* Begin PBXGroup section */
		E643DEA41A35FFCA002EFE58 = {
			isa = PBXGroup;
			children = (
				E6A398AE1A367326004FF749 /* libglfw3.3.dylib */,
				E643DEC31A360048002EFE58 /* libassimp.dylib */,
				E643DEC11A360041002EFE58 /* libGLEW.1.11.dylib */,
				E643DEBF1A360008002EFE58 /* libILUT.dylib */,
				E643DEBD1A360003002EFE58 /* libILU.dylib */,
				E643DEBB1A360000002EFE58 /* libIL.dylib */,
				E643DEB71A35FFF7002EFE58 /* GLUT.framework */,
				E643DEB81A35FFF7002EFE58 /* OpenGL.framework */,
				E643DEAF1A35FFCA002EFE58 /* AdvancedCGTermProject */,
				E643DEAE1A35FFCA002EFE58 /* Products */,
			);
			sourceTree = "<group>";
		};
		E643DEAE1A35FFCA002EFE58 /* Products */ = {
			isa = PBXGroup;
			children = (
				E643DEAD1A35FFCA002EFE58 /* AdvancedCGTermProject */,
			);
			name = Products;
			sourceTree = "<group>";
		};
		E643DEAF1A35FFCA002EFE58 /* AdvancedCGTermProject */ = {
			isa = PBXGroup;
			children = (
				E643DEB01A35FFCA002EFE58 /* main.cpp */,
				E6A398B01A3678DA004FF749 /* Camera.cpp */,
				E6A398B11A3678DA004FF749 /* Camera.h */,
			);
			path = AdvancedCGTermProject;
			sourceTree = "<group>";
		};
/* End PBXGroup section */

/* Begin PBXNativeTarget section */
		E643DEAC1A35FFCA002EFE58 /* AdvancedCGTermProject */ = {
			isa = PBXNativeTarget;
			buildConfigurationList = E643DEB41A35FFCA002EFE58 /* Build configuration list for PBXNativeTarget "AdvancedCGTermProject" */;
			buildPhases = (
				E643DEA91A35FFCA002EFE58 /* Sources */,
				E643DEAA1A35FFCA002EFE58 /* Frameworks */,
				E643DEAB1A35FFCA002EFE58 /* CopyFiles */,
			);
			buildRules = (
			);
			dependencies = (
			);
			name = AdvancedCGTermProject;
			productName = AdvancedCGTermProject;
			productReference = E643DEAD1A35FFCA002EFE58 /* AdvancedCGTermProject */;
			productType = "com.apple.product-type.tool";
		};
/* End PBXNativeTarget section */

/* Begin PBXProject section */
		E643DEA51A35FFCA002EFE58 /* Project object */ = {
			isa = PBXProject;
			attributes = {
				LastUpgradeCheck = 0610;
				ORGANIZATIONNAME = loki;
				TargetAttributes = {
					E643DEAC1A35FFCA002EFE58 = {
						CreatedOnToolsVersion = 6.1.1;
					};
				};
			};
			buildConfigurationList = E643DEA81A35FFCA002EFE58 /* Build configuration list for PBXProject "AdvancedCGTermProject" */;
			compatibilityVersion = "Xcode 3.2";
			developmentRegion = English;
			hasScannedForEncodings = 0;
			knownRegions = (
				en,
			);
			mainGroup = E643DEA41A35FFCA002EFE58;
			productRefGroup = E643DEAE1A35FFCA002EFE58 /* Products */;
			projectDirPath = "";
			projectRoot = "";
			targets = (
				E643DEAC1A35FFCA002EFE58 /* AdvancedCGTermProject */,
			);
		};
/* End PBXProject section */

/* Begin PBXSourcesBuildPhase section */
		E643DEA91A35FFCA002EFE58 /* Sources */ = {
			isa = PBXSourcesBuildPhase;
			buildActionMask = 2147483647;
			files = (
				E6A398B21A3678DA004FF749 /* Camera.cpp in Sources */,
				E643DEB11A35FFCA002EFE58 /* main.cpp in Sources */,
			);
			runOnlyForDeploymentPostprocessing = 0;
		};
/* End PBXSourcesBuildPhase section */

/* Begin XCBuildConfiguration section */
		E643DEB21A35FFCA002EFE58 /* Debug */ = {
			isa = XCBuildConfiguration;
			buildSettings = {
				ALWAYS_SEARCH_USER_PATHS = NO;
				CLANG_CXX_LANGUAGE_STANDARD = "gnu++0x";
				CLANG_CXX_LIBRARY = "libc++";
				CLANG_ENABLE_MODULES = YES;
				CLANG_ENABLE_OBJC_ARC = YES;
				CLANG_WARN_BOOL_CONVERSION = YES;
				CLANG_WARN_CONSTANT_CONVERSION = YES;
				CLANG_WARN_DIRECT_OBJC_ISA_USAGE = YES_ERROR;
				CLANG_WARN_EMPTY_BODY = YES;
				CLANG_WARN_ENUM_CONVERSION = YES;
				CLANG_WARN_INT_CONVERSION = YES;
				CLANG_WARN_OBJC_ROOT_CLASS = YES_ERROR;
				CLANG_WARN_UNREACHABLE_CODE = YES;
				CLANG_WARN__DUPLICATE_METHOD_MATCH = YES;
				COPY_PHASE_STRIP = NO;
				ENABLE_STRICT_OBJC_MSGSEND = YES;
				GCC_C_LANGUAGE_STANDARD = gnu99;
				GCC_DYNAMIC_NO_PIC = NO;
				GCC_OPTIMIZATION_LEVEL = 0;
				GCC_PREPROCESSOR_DEFINITIONS = (
					"DEBUG=1",
					"$(inherited)",
				);
				GCC_SYMBOLS_PRIVATE_EXTERN = NO;
				GCC_WARN_64_TO_32_BIT_CONVERSION = YES;
				GCC_WARN_ABOUT_RETURN_TYPE = YES_ERROR;
				GCC_WARN_UNDECLARED_SELECTOR = YES;
				GCC_WARN_UNINITIALIZED_AUTOS = YES_AGGRESSIVE;
				GCC_WARN_UNUSED_FUNCTION = YES;
				GCC_WARN_UNUSED_VARIABLE = YES;
				HEADER_SEARCH_PATHS = (
					"$(inherited)",
					/Applications/Xcode.app/Contents/Developer/Toolchains/XcodeDefault.xctoolchain/usr/include,
					/usr/local/Cellar/devil/1.7.8_1/include,
					/usr/local/Cellar/assimp/3.1.1/include,
					/usr/local/Cellar/glew/1.11.0/include,
				);
				MACOSX_DEPLOYMENT_TARGET = 10.10;
				MTL_ENABLE_DEBUG_INFO = YES;
				ONLY_ACTIVE_ARCH = YES;
				SDKROOT = macosx;
			};
			name = Debug;
		};
		E643DEB31A35FFCA002EFE58 /* Release */ = {
			isa = XCBuildConfiguration;
			buildSettings = {
				ALWAYS_SEARCH_USER_PATHS = NO;
				CLANG_CXX_LANGUAGE_STANDARD = "gnu++0x";
				CLANG_CXX_LIBRARY = "libc++";
				CLANG_ENABLE_MODULES = YES;
				CLANG_ENABLE_OBJC_ARC = YES;
				CLANG_WARN_BOOL_CONVERSION = YES;
				CLANG_WARN_CONSTANT_CONVERSION = YES;
				CLANG_WARN_DIRECT_OBJC_ISA_USAGE = YES_ERROR;
				CLANG_WARN_EMPTY_BODY = YES;
				CLANG_WARN_ENUM_CONVERSION = YES;
				CLANG_WARN_INT_CONVERSION = YES;
				CLANG_WARN_OBJC_ROOT_CLASS = YES_ERROR;
				CLANG_WARN_UNREACHABLE_CODE = YES;
				CLANG_WARN__DUPLICATE_METHOD_MATCH = YES;
				COPY_PHASE_STRIP = YES;
				DEBUG_INFORMATION_FORMAT = "dwarf-with-dsym";
				ENABLE_NS_ASSERTIONS = NO;
				ENABLE_STRICT_OBJC_MSGSEND = YES;
				GCC_C_LANGUAGE_STANDARD = gnu99;
				GCC_WARN_64_TO_32_BIT_CONVERSION = YES;
				GCC_WARN_ABOUT_RETURN_TYPE = YES_ERROR;
				GCC_WARN_UNDECLARED_SELECTOR = YES;
				GCC_WARN_UNINITIALIZED_AUTOS = YES_AGGRESSIVE;
				GCC_WARN_UNUSED_FUNCTION = YES;
				GCC_WARN_UNUSED_VARIABLE = YES;
				HEADER_SEARCH_PATHS = (
					"$(inherited)",
					/Applications/Xcode.app/Contents/Developer/Toolchains/XcodeDefault.xctoolchain/usr/include,
					/usr/local/Cellar/devil/1.7.8_1/include,
					/usr/local/Cellar/assimp/3.1.1/include,
					/usr/local/Cellar/glew/1.11.0/include,
				);
				MACOSX_DEPLOYMENT_TARGET = 10.10;
				MTL_ENABLE_DEBUG_INFO = NO;
				SDKROOT = macosx;
			};
			name = Release;
		};
		E643DEB51A35FFCA002EFE58 /* Debug */ = {
			isa = XCBuildConfiguration;
			buildSettings = {
				HEADER_SEARCH_PATHS = (
					"$(inherited)",
					/Applications/Xcode.app/Contents/Developer/Toolchains/XcodeDefault.xctoolchain/usr/include,
					/usr/local/Cellar/devil/1.7.8_1/include,
					/usr/local/Cellar/assimp/3.1.1/include,
					/usr/local/Cellar/glew/1.11.0/include,
					/usr/local/Cellar/glm/0.9.5.4/include,
					/usr/local/Cellar/glfw3/3.0.4/include,
				);
				LIBRARY_SEARCH_PATHS = (
					"$(inherited)",
					/usr/local/Cellar/devil/1.7.8_1/lib,
					/usr/local/Cellar/glew/1.11.0/lib,
					/usr/local/Cellar/assimp/3.1.1/lib,
					/usr/local/Cellar/glfw3/3.0.4/lib,
				);
				PRODUCT_NAME = "$(TARGET_NAME)";
			};
			name = Debug;
		};
		E643DEB61A35FFCA002EFE58 /* Release */ = {
			isa = XCBuildConfiguration;
			buildSettings = {
				HEADER_SEARCH_PATHS = (
					"$(inherited)",
					/Applications/Xcode.app/Contents/Developer/Toolchains/XcodeDefault.xctoolchain/usr/include,
					/usr/local/Cellar/devil/1.7.8_1/include,
					/usr/local/Cellar/assimp/3.1.1/include,
					/usr/local/Cellar/glew/1.11.0/include,
					/usr/local/Cellar/glm/0.9.5.4/include,
					/usr/local/Cellar/glfw3/3.0.4/include,
				);
				LIBRARY_SEARCH_PATHS = (
					"$(inherited)",
					/usr/local/Cellar/devil/1.7.8_1/lib,
					/usr/local/Cellar/glew/1.11.0/lib,
					/usr/local/Cellar/assimp/3.1.1/lib,
					/usr/local/Cellar/glfw3/3.0.4/lib,
				);
				PRODUCT_NAME = "$(TARGET_NAME)";
			};
			name = Release;
		};
/* End XCBuildConfiguration section */

/* Begin XCConfigurationList section */
		E643DEA81A35FFCA002EFE58 /* Build configuration list for PBXProject "AdvancedCGTermProject" */ = {
			isa = XCConfigurationList;
			buildConfigurations = (
				E643DEB21A35FFCA002EFE58 /* Debug */,
				E643DEB31A35FFCA002EFE58 /* Release */,
			);
			defaultConfigurationIsVisible = 0;
			defaultConfigurationName = Release;
		};
		E643DEB41A35FFCA002EFE58 /* Build configuration list for PBXNativeTarget "AdvancedCGTermProject" */ = {
			isa = XCConfigurationList;
			buildConfigurations = (
				E643DEB51A35FFCA002EFE58 /* Debug */,
				E643DEB61A35FFCA002EFE58 /* Release */,
			);
			defaultConfigurationIsVisible = 0;
			defaultConfigurationName = Release;
		};
/* End XCConfigurationList section */
	};
	rootObject = E643DEA51A35FFCA002EFE58 /* Project object */;
}
